
Microsoft Visual Studio Solution File, Format Version 12.00
# Visual Studio Version 17
VisualStudioVersion = 17.11.35219.272
MinimumVisualStudioVersion = 10.0.40219.1
Project("{FAE04EC0-301F-11D3-BF4B-00C04F79EFBC}") = "Byarısma", "Byarısma\Byarısma.csproj", "{09C06A2B-B51F-43BC-AE09-B6C72DDAC923}"
EndProject
Global
	GlobalSection(SolutionConfigurationPlatforms) = preSolution
		Debug|Any CPU = Debug|Any CPU
		Release|Any CPU = Release|Any CPU
	EndGlobalSection
	GlobalSection(ProjectConfigurationPlatforms) = postSolution
		{09C06A2B-B51F-43BC-AE09-B6C72DDAC923}.Debug|Any CPU.ActiveCfg = Debug|Any CPU
		{09C06A2B-B51F-43BC-AE09-B6C72DDAC923}.Debug|Any CPU.Build.0 = Debug|Any CPU
		{09C06A2B-B51F-43BC-AE09-B6C72DDAC923}.Release|Any CPU.ActiveCfg = Release|Any CPU
		{09C06A2B-B51F-43BC-AE09-B6C72DDAC923}.Release|Any CPU.Build.0 = Release|Any CPU
	EndGlobalSection
	GlobalSection(SolutionProperties) = preSolution
		HideSolutionNode = FALSE
	EndGlobalSection
	GlobalSection(ExtensibilityGlobals) = postSolution
		SolutionGuid = {3AA4328B-37BE-4300-9064-4DEF0371A671}
	EndGlobalSection
EndGlobal
